
Microsoft Visual Studio Solution File, Format Version 12.00
# Visual Studio Version 16
VisualStudioVersion = 16.0.30621.155
MinimumVisualStudioVersion = 10.0.40219.1
Project("{FAE04EC0-301F-11D3-BF4B-00C04F79EFBC}") = "Rheal_MVP_App", "Rheal_MVP_App\Rheal_MVP_App.csproj", "{52A959E3-B781-4D3D-A1CF-CE306F499121}"
EndProject
Global
	GlobalSection(SolutionConfigurationPlatforms) = preSolution
		Debug|Any CPU = Debug|Any CPU
		Release|Any CPU = Release|Any CPU
	EndGlobalSection
	GlobalSection(ProjectConfigurationPlatforms) = postSolution
		{52A959E3-B781-4D3D-A1CF-CE306F499121}.Debug|Any CPU.ActiveCfg = Debug|Any CPU
		{52A959E3-B781-4D3D-A1CF-CE306F499121}.Debug|Any CPU.Build.0 = Debug|Any CPU
		{52A959E3-B781-4D3D-A1CF-CE306F499121}.Release|Any CPU.ActiveCfg = Release|Any CPU
		{52A959E3-B781-4D3D-A1CF-CE306F499121}.Release|Any CPU.Build.0 = Release|Any CPU
	EndGlobalSection
	GlobalSection(SolutionProperties) = preSolution
		HideSolutionNode = FALSE
	EndGlobalSection
	GlobalSection(ExtensibilityGlobals) = postSolution
		SolutionGuid = {84BBCC05-D76B-4965-8350-276EE295B3CE}
	EndGlobalSection
EndGlobal
